
Microsoft Visual Studio Solution File, Format Version 12.00
# Visual Studio Version 17
VisualStudioVersion = 17.8.34511.84
MinimumVisualStudioVersion = 10.0.40219.1
Project("{9A19103F-16F7-4668-BE54-9A1E7A4F7556}") = "WebClient", "WebClient\WebClient.csproj", "{78986210-2715-4BAB-950F-7DA1C3714CED}"
EndProject
Global
	GlobalSection(SolutionConfigurationPlatforms) = preSolution
		Debug|Any CPU = Debug|Any CPU
		Release|Any CPU = Release|Any CPU
	EndGlobalSection
	GlobalSection(ProjectConfigurationPlatforms) = postSolution
		{78986210-2715-4BAB-950F-7DA1C3714CED}.Debug|Any CPU.ActiveCfg = Debug|Any CPU
		{78986210-2715-4BAB-950F-7DA1C3714CED}.Debug|Any CPU.Build.0 = Debug|Any CPU
		{78986210-2715-4BAB-950F-7DA1C3714CED}.Release|Any CPU.ActiveCfg = Release|Any CPU
		{78986210-2715-4BAB-950F-7DA1C3714CED}.Release|Any CPU.Build.0 = Release|Any CPU
	EndGlobalSection
	GlobalSection(SolutionProperties) = preSolution
		HideSolutionNode = FALSE
	EndGlobalSection
	GlobalSection(ExtensibilityGlobals) = postSolution
		SolutionGuid = {27A051AA-5B15-4C86-A667-B78AA3A20A3C}
	EndGlobalSection
EndGlobal
